{
  "name": "lib",
  "lockfileVersion": 3,
  "requires": true,
  "packages": {
    "": {
      "dependencies": {
        "@types/webaudioapi": "^0.0.27",
        "@types/webmidi": "^2.1.0"
      }
    },
    "node_modules/@types/webaudioapi": {
      "version": "0.0.27",
      "resolved": "https://registry.npmjs.org/@types/webaudioapi/-/webaudioapi-0.0.27.tgz",
      "integrity": "sha512-UWVaT2JkjAMU0x9BHWE8Lm4cFfVAzd5Av1v+b7phOXBY047prADh/dz+VW5SG0CxVutcE7DXtR9rTKFq76ODaQ=="
    },
    "node_modules/@types/webmidi": {
      "version": "2.1.0",
      "resolved": "https://registry.npmjs.org/@types/webmidi/-/webmidi-2.1.0.tgz",
      "integrity": "sha512-k898MjEUSHB+6rSeCPQk/kLgie0wgWZ2t78GlWj86HbTQ+XmtbBafYg5LNjn8bVHfItEhPGZPf579Xfc6keV6w=="
    }
  }
}
